
Microsoft Visual Studio Solution File, Format Version 12.00
# Visual Studio Version 16
VisualStudioVersion = 16.0.31410.357
MinimumVisualStudioVersion = 10.0.40219.1
Project("{FAE04EC0-301F-11D3-BF4B-00C04F79EFBC}") = "BSPlaylistDownloader", "BSPlaylistDownloader.csproj", "{4457F98C-3DCE-4794-A537-94C451618BB9}"
EndProject
Global
	GlobalSection(SolutionConfigurationPlatforms) = preSolution
		Debug|Any CPU = Debug|Any CPU
		Release|Any CPU = Release|Any CPU
	EndGlobalSection
	GlobalSection(ProjectConfigurationPlatforms) = postSolution
		{4457F98C-3DCE-4794-A537-94C451618BB9}.Debug|Any CPU.ActiveCfg = Debug|Any CPU
		{4457F98C-3DCE-4794-A537-94C451618BB9}.Debug|Any CPU.Build.0 = Debug|Any CPU
		{4457F98C-3DCE-4794-A537-94C451618BB9}.Release|Any CPU.ActiveCfg = Release|Any CPU
		{4457F98C-3DCE-4794-A537-94C451618BB9}.Release|Any CPU.Build.0 = Release|Any CPU
	EndGlobalSection
	GlobalSection(SolutionProperties) = preSolution
		HideSolutionNode = FALSE
	EndGlobalSection
	GlobalSection(ExtensibilityGlobals) = postSolution
		SolutionGuid = {179928CE-5B23-471C-963F-C695C62FBE11}
	EndGlobalSection
EndGlobal
